# THIS IS AN AUTOGENERATED FILE. DO NOT EDIT THIS FILE DIRECTLY.
# yarn lockfile v1


document-register-element@^1.11.0:
  version "1.11.0"
  resolved "https://registry.yarnpkg.com/document-register-element/-/document-register-element-1.11.0.tgz#18ad8a0297097a32f8811b5e63736eb71928f446"
  dependencies:
    lightercollective "^0.1.0"

lightercollective@^0.1.0:
  version "0.1.0"
  resolved "https://registry.yarnpkg.com/lightercollective/-/lightercollective-0.1.0.tgz#70df102c530dcb8d0ccabfe6175a8d00d5f61300"
